
Microsoft Visual Studio Solution File, Format Version 12.00
# Visual Studio Version 16
VisualStudioVersion = 16.0.31229.75
MinimumVisualStudioVersion = 10.0.40219.1
Project("{9A19103F-16F7-4668-BE54-9A1E7A4F7556}") = "ObjectCartographer", "ObjectCartographer\ObjectCartographer.csproj", "{0168B8C3-A082-4076-A1D8-EFE90A9F1A15}"
EndProject
Project("{FAE04EC0-301F-11D3-BF4B-00C04F79EFBC}") = "ObjectCartographer.Tests", "ObjectCartographer.Tests\ObjectCartographer.Tests.csproj", "{2A94912A-9934-48FD-92A6-FF2182370E07}"
EndProject
Global
	GlobalSection(SolutionConfigurationPlatforms) = preSolution
		Debug|Any CPU = Debug|Any CPU
		Release|Any CPU = Release|Any CPU
	EndGlobalSection
	GlobalSection(ProjectConfigurationPlatforms) = postSolution
		{0168B8C3-A082-4076-A1D8-EFE90A9F1A15}.Debug|Any CPU.ActiveCfg = Debug|Any CPU
		{0168B8C3-A082-4076-A1D8-EFE90A9F1A15}.Debug|Any CPU.Build.0 = Debug|Any CPU
		{0168B8C3-A082-4076-A1D8-EFE90A9F1A15}.Release|Any CPU.ActiveCfg = Release|Any CPU
		{0168B8C3-A082-4076-A1D8-EFE90A9F1A15}.Release|Any CPU.Build.0 = Release|Any CPU
		{2A94912A-9934-48FD-92A6-FF2182370E07}.Debug|Any CPU.ActiveCfg = Debug|Any CPU
		{2A94912A-9934-48FD-92A6-FF2182370E07}.Debug|Any CPU.Build.0 = Debug|Any CPU
		{2A94912A-9934-48FD-92A6-FF2182370E07}.Release|Any CPU.ActiveCfg = Release|Any CPU
		{2A94912A-9934-48FD-92A6-FF2182370E07}.Release|Any CPU.Build.0 = Release|Any CPU
	EndGlobalSection
	GlobalSection(SolutionProperties) = preSolution
		HideSolutionNode = FALSE
	EndGlobalSection
	GlobalSection(ExtensibilityGlobals) = postSolution
		SolutionGuid = {D37EAEEE-58E2-4E19-BD8C-BEC429383DEA}
	EndGlobalSection
EndGlobal
