
Microsoft Visual Studio Solution File, Format Version 12.00
# Visual Studio Version 17
VisualStudioVersion = 17.6.33815.320
MinimumVisualStudioVersion = 10.0.40219.1
Project("{9A19103F-16F7-4668-BE54-9A1E7A4F7556}") = "ObjectCartographer", "ObjectCartographer\ObjectCartographer.csproj", "{0168B8C3-A082-4076-A1D8-EFE90A9F1A15}"
EndProject
Project("{9A19103F-16F7-4668-BE54-9A1E7A4F7556}") = "ObjectCartographer.Tests", "ObjectCartographer.Tests\ObjectCartographer.Tests.csproj", "{2A94912A-9934-48FD-92A6-FF2182370E07}"
EndProject
Project("{9A19103F-16F7-4668-BE54-9A1E7A4F7556}") = "TestApp", "TestApp\TestApp.csproj", "{5DE9F353-9387-4CDA-A1F8-C7E7C0FA523F}"
EndProject
Project("{9A19103F-16F7-4668-BE54-9A1E7A4F7556}") = "ObjectCartographer.Benchmarks", "ObjectCartographer.Benchmarks\ObjectCartographer.Benchmarks.csproj", "{383E5F42-D52E-411D-9026-0B66214471F3}"
EndProject
Project("{9A19103F-16F7-4668-BE54-9A1E7A4F7556}") = "ObjectCartographer.SQL", "ObjectCartographer.SQL\ObjectCartographer.SQL.csproj", "{F807449D-EF99-4AD8-89DD-0E93B75F11A7}"
EndProject
Project("{9A19103F-16F7-4668-BE54-9A1E7A4F7556}") = "ObjectCartographer.Example", "ObjectCartographer.Example\ObjectCartographer.Example.csproj", "{698C0347-4D41-40DB-8B78-0B2CC9FF6B56}"
EndProject
Project("{2150E333-8FDC-42A3-9474-1A3956D46DE8}") = "Solution Items", "Solution Items", "{A6DD3034-E3ED-4DE2-8B3D-7ED64F48DA12}"
	ProjectSection(SolutionItems) = preProject
		.editorconfig = .editorconfig
	EndProjectSection
EndProject
Global
	GlobalSection(SolutionConfigurationPlatforms) = preSolution
		Debug|Any CPU = Debug|Any CPU
		Release|Any CPU = Release|Any CPU
	EndGlobalSection
	GlobalSection(ProjectConfigurationPlatforms) = postSolution
		{0168B8C3-A082-4076-A1D8-EFE90A9F1A15}.Debug|Any CPU.ActiveCfg = Debug|Any CPU
		{0168B8C3-A082-4076-A1D8-EFE90A9F1A15}.Debug|Any CPU.Build.0 = Debug|Any CPU
		{0168B8C3-A082-4076-A1D8-EFE90A9F1A15}.Release|Any CPU.ActiveCfg = Release|Any CPU
		{0168B8C3-A082-4076-A1D8-EFE90A9F1A15}.Release|Any CPU.Build.0 = Release|Any CPU
		{2A94912A-9934-48FD-92A6-FF2182370E07}.Debug|Any CPU.ActiveCfg = Debug|Any CPU
		{2A94912A-9934-48FD-92A6-FF2182370E07}.Debug|Any CPU.Build.0 = Debug|Any CPU
		{2A94912A-9934-48FD-92A6-FF2182370E07}.Release|Any CPU.ActiveCfg = Release|Any CPU
		{2A94912A-9934-48FD-92A6-FF2182370E07}.Release|Any CPU.Build.0 = Release|Any CPU
		{5DE9F353-9387-4CDA-A1F8-C7E7C0FA523F}.Debug|Any CPU.ActiveCfg = Debug|Any CPU
		{5DE9F353-9387-4CDA-A1F8-C7E7C0FA523F}.Debug|Any CPU.Build.0 = Debug|Any CPU
		{5DE9F353-9387-4CDA-A1F8-C7E7C0FA523F}.Release|Any CPU.ActiveCfg = Release|Any CPU
		{5DE9F353-9387-4CDA-A1F8-C7E7C0FA523F}.Release|Any CPU.Build.0 = Release|Any CPU
		{383E5F42-D52E-411D-9026-0B66214471F3}.Debug|Any CPU.ActiveCfg = Debug|Any CPU
		{383E5F42-D52E-411D-9026-0B66214471F3}.Debug|Any CPU.Build.0 = Debug|Any CPU
		{383E5F42-D52E-411D-9026-0B66214471F3}.Release|Any CPU.ActiveCfg = Release|Any CPU
		{383E5F42-D52E-411D-9026-0B66214471F3}.Release|Any CPU.Build.0 = Release|Any CPU
		{F807449D-EF99-4AD8-89DD-0E93B75F11A7}.Debug|Any CPU.ActiveCfg = Debug|Any CPU
		{F807449D-EF99-4AD8-89DD-0E93B75F11A7}.Debug|Any CPU.Build.0 = Debug|Any CPU
		{F807449D-EF99-4AD8-89DD-0E93B75F11A7}.Release|Any CPU.ActiveCfg = Release|Any CPU
		{F807449D-EF99-4AD8-89DD-0E93B75F11A7}.Release|Any CPU.Build.0 = Release|Any CPU
		{698C0347-4D41-40DB-8B78-0B2CC9FF6B56}.Debug|Any CPU.ActiveCfg = Debug|Any CPU
		{698C0347-4D41-40DB-8B78-0B2CC9FF6B56}.Debug|Any CPU.Build.0 = Debug|Any CPU
		{698C0347-4D41-40DB-8B78-0B2CC9FF6B56}.Release|Any CPU.ActiveCfg = Release|Any CPU
		{698C0347-4D41-40DB-8B78-0B2CC9FF6B56}.Release|Any CPU.Build.0 = Release|Any CPU
	EndGlobalSection
	GlobalSection(SolutionProperties) = preSolution
		HideSolutionNode = FALSE
	EndGlobalSection
	GlobalSection(ExtensibilityGlobals) = postSolution
		SolutionGuid = {D37EAEEE-58E2-4E19-BD8C-BEC429383DEA}
	EndGlobalSection
EndGlobal
